
Microsoft Visual Studio Solution File, Format Version 12.00
# Visual Studio Version 16
VisualStudioVersion = 16.0.29324.140
MinimumVisualStudioVersion = 10.0.40219.1
Project("{9A19103F-16F7-4668-BE54-9A1E7A4F7556}") = "duplicateVideoFinder", "duplicateVideoFinder\duplicateVideoFinder.csproj", "{A9CF49F3-1BEA-4697-AB48-7151DD747475}"
EndProject
Project("{9A19103F-16F7-4668-BE54-9A1E7A4F7556}") = "duplicateVideoFinderWindowsGUI", "duplicateVideoFinderWindowsGUI\duplicateVideoFinderWindowsGUI.csproj", "{4FEC47EB-BC02-42BF-8741-EB85A2311C20}"
EndProject
Project("{9A19103F-16F7-4668-BE54-9A1E7A4F7556}") = "duplicateVideoFinderConsole", "duplicateVideoFinderConsole\duplicateVideoFinderConsole.csproj", "{A274E9A1-B84C-4419-961F-8B5076C9943E}"
EndProject
Global
	GlobalSection(SolutionConfigurationPlatforms) = preSolution
		Debug|Any CPU = Debug|Any CPU
		Release|Any CPU = Release|Any CPU
	EndGlobalSection
	GlobalSection(ProjectConfigurationPlatforms) = postSolution
		{A9CF49F3-1BEA-4697-AB48-7151DD747475}.Debug|Any CPU.ActiveCfg = Debug|Any CPU
		{A9CF49F3-1BEA-4697-AB48-7151DD747475}.Debug|Any CPU.Build.0 = Debug|Any CPU
		{A9CF49F3-1BEA-4697-AB48-7151DD747475}.Release|Any CPU.ActiveCfg = Release|Any CPU
		{A9CF49F3-1BEA-4697-AB48-7151DD747475}.Release|Any CPU.Build.0 = Release|Any CPU
		{4FEC47EB-BC02-42BF-8741-EB85A2311C20}.Debug|Any CPU.ActiveCfg = Debug|Any CPU
		{4FEC47EB-BC02-42BF-8741-EB85A2311C20}.Debug|Any CPU.Build.0 = Debug|Any CPU
		{4FEC47EB-BC02-42BF-8741-EB85A2311C20}.Release|Any CPU.ActiveCfg = Release|Any CPU
		{4FEC47EB-BC02-42BF-8741-EB85A2311C20}.Release|Any CPU.Build.0 = Release|Any CPU
		{A274E9A1-B84C-4419-961F-8B5076C9943E}.Debug|Any CPU.ActiveCfg = Debug|Any CPU
		{A274E9A1-B84C-4419-961F-8B5076C9943E}.Debug|Any CPU.Build.0 = Debug|Any CPU
		{A274E9A1-B84C-4419-961F-8B5076C9943E}.Release|Any CPU.ActiveCfg = Release|Any CPU
		{A274E9A1-B84C-4419-961F-8B5076C9943E}.Release|Any CPU.Build.0 = Release|Any CPU
	EndGlobalSection
	GlobalSection(SolutionProperties) = preSolution
		HideSolutionNode = FALSE
	EndGlobalSection
	GlobalSection(ExtensibilityGlobals) = postSolution
		SolutionGuid = {56FE7BBC-AECA-4162-9BF6-D83DB1531230}
	EndGlobalSection
EndGlobal
